
Microsoft Visual Studio Solution File, Format Version 12.00
# Visual Studio 15
VisualStudioVersion = 15.0.26124.0
MinimumVisualStudioVersion = 15.0.26124.0
Project("{FAE04EC0-301F-11D3-BF4B-00C04F79EFBC}") = "application", "Api.Application\application.csproj", "{5E39A5A2-F5FD-443A-B9C0-98ED44A9ECAE}"
EndProject
Project("{FAE04EC0-301F-11D3-BF4B-00C04F79EFBC}") = "Domain", "Api.Domain\Domain.csproj", "{A20207C6-1C8D-4A7E-BE8A-E2939D870973}"
EndProject
Project("{FAE04EC0-301F-11D3-BF4B-00C04F79EFBC}") = "CrossCutting", "Api.CrossCutting\CrossCutting.csproj", "{6203CC63-E793-4AE4-A450-293A10B36C94}"
EndProject
Project("{FAE04EC0-301F-11D3-BF4B-00C04F79EFBC}") = "Data", "Api.Data\Data.csproj", "{6984CB53-26A4-4BE7-B89E-BF89797B750C}"
EndProject
Project("{FAE04EC0-301F-11D3-BF4B-00C04F79EFBC}") = "Service", "Api.Service\Service.csproj", "{C00742AB-C809-47D2-9D3A-EFC98CFE547B}"
EndProject
Global
	GlobalSection(SolutionConfigurationPlatforms) = preSolution
		Debug|Any CPU = Debug|Any CPU
		Debug|x64 = Debug|x64
		Debug|x86 = Debug|x86
		Release|Any CPU = Release|Any CPU
		Release|x64 = Release|x64
		Release|x86 = Release|x86
	EndGlobalSection
	GlobalSection(SolutionProperties) = preSolution
		HideSolutionNode = FALSE
	EndGlobalSection
	GlobalSection(ProjectConfigurationPlatforms) = postSolution
		{5E39A5A2-F5FD-443A-B9C0-98ED44A9ECAE}.Debug|Any CPU.ActiveCfg = Debug|Any CPU
		{5E39A5A2-F5FD-443A-B9C0-98ED44A9ECAE}.Debug|Any CPU.Build.0 = Debug|Any CPU
		{5E39A5A2-F5FD-443A-B9C0-98ED44A9ECAE}.Debug|x64.ActiveCfg = Debug|Any CPU
		{5E39A5A2-F5FD-443A-B9C0-98ED44A9ECAE}.Debug|x64.Build.0 = Debug|Any CPU
		{5E39A5A2-F5FD-443A-B9C0-98ED44A9ECAE}.Debug|x86.ActiveCfg = Debug|Any CPU
		{5E39A5A2-F5FD-443A-B9C0-98ED44A9ECAE}.Debug|x86.Build.0 = Debug|Any CPU
		{5E39A5A2-F5FD-443A-B9C0-98ED44A9ECAE}.Release|Any CPU.ActiveCfg = Release|Any CPU
		{5E39A5A2-F5FD-443A-B9C0-98ED44A9ECAE}.Release|Any CPU.Build.0 = Release|Any CPU
		{5E39A5A2-F5FD-443A-B9C0-98ED44A9ECAE}.Release|x64.ActiveCfg = Release|Any CPU
		{5E39A5A2-F5FD-443A-B9C0-98ED44A9ECAE}.Release|x64.Build.0 = Release|Any CPU
		{5E39A5A2-F5FD-443A-B9C0-98ED44A9ECAE}.Release|x86.ActiveCfg = Release|Any CPU
		{5E39A5A2-F5FD-443A-B9C0-98ED44A9ECAE}.Release|x86.Build.0 = Release|Any CPU
		{A20207C6-1C8D-4A7E-BE8A-E2939D870973}.Debug|Any CPU.ActiveCfg = Debug|Any CPU
		{A20207C6-1C8D-4A7E-BE8A-E2939D870973}.Debug|Any CPU.Build.0 = Debug|Any CPU
		{A20207C6-1C8D-4A7E-BE8A-E2939D870973}.Debug|x64.ActiveCfg = Debug|Any CPU
		{A20207C6-1C8D-4A7E-BE8A-E2939D870973}.Debug|x64.Build.0 = Debug|Any CPU
		{A20207C6-1C8D-4A7E-BE8A-E2939D870973}.Debug|x86.ActiveCfg = Debug|Any CPU
		{A20207C6-1C8D-4A7E-BE8A-E2939D870973}.Debug|x86.Build.0 = Debug|Any CPU
		{A20207C6-1C8D-4A7E-BE8A-E2939D870973}.Release|Any CPU.ActiveCfg = Release|Any CPU
		{A20207C6-1C8D-4A7E-BE8A-E2939D870973}.Release|Any CPU.Build.0 = Release|Any CPU
		{A20207C6-1C8D-4A7E-BE8A-E2939D870973}.Release|x64.ActiveCfg = Release|Any CPU
		{A20207C6-1C8D-4A7E-BE8A-E2939D870973}.Release|x64.Build.0 = Release|Any CPU
		{A20207C6-1C8D-4A7E-BE8A-E2939D870973}.Release|x86.ActiveCfg = Release|Any CPU
		{A20207C6-1C8D-4A7E-BE8A-E2939D870973}.Release|x86.Build.0 = Release|Any CPU
		{6203CC63-E793-4AE4-A450-293A10B36C94}.Debug|Any CPU.ActiveCfg = Debug|Any CPU
		{6203CC63-E793-4AE4-A450-293A10B36C94}.Debug|Any CPU.Build.0 = Debug|Any CPU
		{6203CC63-E793-4AE4-A450-293A10B36C94}.Debug|x64.ActiveCfg = Debug|Any CPU
		{6203CC63-E793-4AE4-A450-293A10B36C94}.Debug|x64.Build.0 = Debug|Any CPU
		{6203CC63-E793-4AE4-A450-293A10B36C94}.Debug|x86.ActiveCfg = Debug|Any CPU
		{6203CC63-E793-4AE4-A450-293A10B36C94}.Debug|x86.Build.0 = Debug|Any CPU
		{6203CC63-E793-4AE4-A450-293A10B36C94}.Release|Any CPU.ActiveCfg = Release|Any CPU
		{6203CC63-E793-4AE4-A450-293A10B36C94}.Release|Any CPU.Build.0 = Release|Any CPU
		{6203CC63-E793-4AE4-A450-293A10B36C94}.Release|x64.ActiveCfg = Release|Any CPU
		{6203CC63-E793-4AE4-A450-293A10B36C94}.Release|x64.Build.0 = Release|Any CPU
		{6203CC63-E793-4AE4-A450-293A10B36C94}.Release|x86.ActiveCfg = Release|Any CPU
		{6203CC63-E793-4AE4-A450-293A10B36C94}.Release|x86.Build.0 = Release|Any CPU
		{6984CB53-26A4-4BE7-B89E-BF89797B750C}.Debug|Any CPU.ActiveCfg = Debug|Any CPU
		{6984CB53-26A4-4BE7-B89E-BF89797B750C}.Debug|Any CPU.Build.0 = Debug|Any CPU
		{6984CB53-26A4-4BE7-B89E-BF89797B750C}.Debug|x64.ActiveCfg = Debug|Any CPU
		{6984CB53-26A4-4BE7-B89E-BF89797B750C}.Debug|x64.Build.0 = Debug|Any CPU
		{6984CB53-26A4-4BE7-B89E-BF89797B750C}.Debug|x86.ActiveCfg = Debug|Any CPU
		{6984CB53-26A4-4BE7-B89E-BF89797B750C}.Debug|x86.Build.0 = Debug|Any CPU
		{6984CB53-26A4-4BE7-B89E-BF89797B750C}.Release|Any CPU.ActiveCfg = Release|Any CPU
		{6984CB53-26A4-4BE7-B89E-BF89797B750C}.Release|Any CPU.Build.0 = Release|Any CPU
		{6984CB53-26A4-4BE7-B89E-BF89797B750C}.Release|x64.ActiveCfg = Release|Any CPU
		{6984CB53-26A4-4BE7-B89E-BF89797B750C}.Release|x64.Build.0 = Release|Any CPU
		{6984CB53-26A4-4BE7-B89E-BF89797B750C}.Release|x86.ActiveCfg = Release|Any CPU
		{6984CB53-26A4-4BE7-B89E-BF89797B750C}.Release|x86.Build.0 = Release|Any CPU
		{C00742AB-C809-47D2-9D3A-EFC98CFE547B}.Debug|Any CPU.ActiveCfg = Debug|Any CPU
		{C00742AB-C809-47D2-9D3A-EFC98CFE547B}.Debug|Any CPU.Build.0 = Debug|Any CPU
		{C00742AB-C809-47D2-9D3A-EFC98CFE547B}.Debug|x64.ActiveCfg = Debug|Any CPU
		{C00742AB-C809-47D2-9D3A-EFC98CFE547B}.Debug|x64.Build.0 = Debug|Any CPU
		{C00742AB-C809-47D2-9D3A-EFC98CFE547B}.Debug|x86.ActiveCfg = Debug|Any CPU
		{C00742AB-C809-47D2-9D3A-EFC98CFE547B}.Debug|x86.Build.0 = Debug|Any CPU
		{C00742AB-C809-47D2-9D3A-EFC98CFE547B}.Release|Any CPU.ActiveCfg = Release|Any CPU
		{C00742AB-C809-47D2-9D3A-EFC98CFE547B}.Release|Any CPU.Build.0 = Release|Any CPU
		{C00742AB-C809-47D2-9D3A-EFC98CFE547B}.Release|x64.ActiveCfg = Release|Any CPU
		{C00742AB-C809-47D2-9D3A-EFC98CFE547B}.Release|x64.Build.0 = Release|Any CPU
		{C00742AB-C809-47D2-9D3A-EFC98CFE547B}.Release|x86.ActiveCfg = Release|Any CPU
		{C00742AB-C809-47D2-9D3A-EFC98CFE547B}.Release|x86.Build.0 = Release|Any CPU
	EndGlobalSection
EndGlobal
